{
  "platform": {
    "version": "0.9.0"
  },
  "entries": [
    {
      "name": "Osysharp.Http",
      "kind": "package",
      "version": "1.0.0",
      "hash": "sha256:4c24068aeea5ef1a155459d4cc332c85d7ee3d96049f2404e54ac860d94beb0f",
      "minPlatform": "0.9.0",
      "shadow": "app-forkable",
      "source": "workspace:Platform.Core/Dsl/OsySharp/Baseline/Capabilities/Http"
    },
    {
      "name": "Osysharp.Sources",
      "kind": "package",
      "version": "1.2.0",
      "hash": "sha256:618155897265b910da73215e2eb256920f772dac1c8613f3a38f8ec288049ace",
      "minPlatform": "0.9.0",
      "shadow": "app-forkable",
      "source": "workspace:Platform.Core/Dsl/OsySharp/Baseline/Capabilities/Sources"
    },
    {
      "name": "Osysharp.Warehouses.Databricks",
      "kind": "package",
      "version": "0.2.1",
      "hash": "sha256:57575fb2278f1e5dfa9e89d9b88b2457bbb6ff50ad95141047ead962c3b93bae",
      "minPlatform": "0.9.0",
      "shadow": "app-forkable",
      "source": "workspace:kits/databricks",
      "constraint": "0"
    },
    {
      "name": "Osysharp.Exports",
      "kind": "package",
      "version": "1.0.0",
      "hash": "sha256:dfa881066aa0c97992e10c589e1172141c2f7ab39299022f488c6fbeea2fbfcd",
      "minPlatform": "0.9.0",
      "shadow": "app-forkable",
      "source": "workspace:Platform.Core/Dsl/OsySharp/Baseline/Capabilities/Exports"
    },
    {
      "name": "Osysharp.Observability",
      "kind": "package",
      "version": "1.0.0",
      "hash": "sha256:aba8df0c3a7c56cfa752ad731283a5559ba21e6b04909ce580778518fe2f7196",
      "minPlatform": "0.9.0",
      "shadow": "app-forkable",
      "source": "workspace:Platform.Core/Dsl/OsySharp/Baseline/Capabilities/Observability",
      "constraint": "1"
    }
  ],
  "bridges": {
    "searched": [
      "workspace",
      "platform",
      "github"
    ]
  }
}